<?xml version="1.0" encoding="utf-8"?>
<Project ToolsVersion="4.0" xmlns="http://schemas.microsoft.com/developer/msbuild/2003">
  <ItemGroup>
    <Filter Include="Source Files">
      <UniqueIdentifier>{4FC737F1-C7A5-4376-A066-2A32D752A2FF}</UniqueIdentifier>
      <Extensions>cpp;c;cc;cxx;def;odl;idl;hpj;bat;asm;asmx</Extensions>
    </Filter>
    <Filter Include="Header Files">
      <UniqueIdentifier>{93995380-89BD-4b04-88EB-625FBE52EBFB}</UniqueIdentifier>
      <Extensions>h;hh;hpp;hxx;hm;inl;inc;xsd</Extensions>
    </Filter>
    <Filter Include="Resource Files">
      <UniqueIdentifier>{67DA6AB6-F800-4c08-8B7A-83BB121AAD01}</UniqueIdentifier>
      <Extensions>rc;ico;cur;bmp;dlg;rc2;rct;bin;rgs;gif;jpg;jpeg;jpe;resx;tiff;tif;png;wav;mfcribbon-ms</Extensions>
    </Filter>
  </ItemGroup>
  <ItemGroup>
    <Text Include="ReadMe.txt" />
  </ItemGroup>
  <ItemGroup>
    <ClInclude Include="stdafx.h">
      <Filter>Header Files</Filter>
    </ClInclude>
    <ClInclude Include="targetver.h">
      <Filter>Header Files</Filter>
    </ClInclude>
    <ClInclude Include="data_structure.h">
      <Filter>Header Files</Filter>
    </ClInclude>
    <ClInclude Include="global_variable.h">
      <Filter>Header Files</Filter>
    </ClInclude>
    <ClInclude Include="global_function.h">
      <Filter>Header Files</Filter>
    </ClInclude>
    <ClInclude Include="transform_query_file.h">
      <Filter>Header Files</Filter>
    </ClInclude>
    <ClInclude Include="pre_process_data_graph.h">
      <Filter>Header Files</Filter>
    </ClInclude>
    <ClInclude Include="time.h">
      <Filter>Header Files</Filter>
    </ClInclude>
    <ClInclude Include="utility.h">
      <Filter>Header Files</Filter>
    </ClInclude>
    <ClInclude Include="cfl_decomposition.h">
      <Filter>Header Files</Filter>
    </ClInclude>
    <ClInclude Include="seed_finder.h">
      <Filter>Header Files</Filter>
    </ClInclude>
    <ClInclude Include="cpi_builder.h">
      <Filter>Header Files</Filter>
    </ClInclude>
    <ClInclude Include="matching_order.h">
      <Filter>Header Files</Filter>
    </ClInclude>
    <ClInclude Include="enumeration.h">
      <Filter>Header Files</Filter>
    </ClInclude>
    <ClInclude Include="sim_base_build_cpi.h">
      <Filter>Header Files</Filter>
    </ClInclude>
    <ClInclude Include="core_query_tree_build.h">
      <Filter>Header Files</Filter>
    </ClInclude>
    <ClInclude Include="inexact_matching_order.h">
      <Filter>Header Files</Filter>
    </ClInclude>
    <ClInclude Include="find_result.h">
      <Filter>Header Files</Filter>
    </ClInclude>
  </ItemGroup>
  <ItemGroup>
    <ClCompile Include="stdafx.cpp">
      <Filter>Source Files</Filter>
    </ClCompile>
    <ClCompile Include="fast_dymanic.cpp">
      <Filter>Source Files</Filter>
    </ClCompile>
    <ClCompile Include="transform_query_file.cpp">
      <Filter>Source Files</Filter>
    </ClCompile>
    <ClCompile Include="global_function.cpp">
      <Filter>Source Files</Filter>
    </ClCompile>
    <ClCompile Include="global_variable.cpp">
      <Filter>Source Files</Filter>
    </ClCompile>
    <ClCompile Include="utility.cpp">
      <Filter>Source Files</Filter>
    </ClCompile>
    <ClCompile Include="matching_order.cpp">
      <Filter>Source Files</Filter>
    </ClCompile>
    <ClCompile Include="enumeration.cpp">
      <Filter>Source Files</Filter>
    </ClCompile>
    <ClCompile Include="cpi_builder.cpp">
      <Filter>Source Files</Filter>
    </ClCompile>
    <ClCompile Include="sim_base_build_cpi.cpp">
      <Filter>Source Files</Filter>
    </ClCompile>
    <ClCompile Include="find_result.cpp">
      <Filter>Source Files</Filter>
    </ClCompile>
  </ItemGroup>
</Project>